
Microsoft Visual Studio Solution File, Format Version 12.00
# Visual Studio Version 17
VisualStudioVersion = 17.5.33502.453
MinimumVisualStudioVersion = 10.0.40219.1
Project("{FAE04EC0-301F-11D3-BF4B-00C04F79EFBC}") = "Lab5b", "Lab5b.csproj", "{51F324AA-69F0-4D33-97E7-9F0C1A9264F0}"
EndProject
Global
	GlobalSection(SolutionConfigurationPlatforms) = preSolution
		Debug|Any CPU = Debug|Any CPU
		Release|Any CPU = Release|Any CPU
	EndGlobalSection
	GlobalSection(ProjectConfigurationPlatforms) = postSolution
		{51F324AA-69F0-4D33-97E7-9F0C1A9264F0}.Debug|Any CPU.ActiveCfg = Debug|Any CPU
		{51F324AA-69F0-4D33-97E7-9F0C1A9264F0}.Debug|Any CPU.Build.0 = Debug|Any CPU
		{51F324AA-69F0-4D33-97E7-9F0C1A9264F0}.Release|Any CPU.ActiveCfg = Release|Any CPU
		{51F324AA-69F0-4D33-97E7-9F0C1A9264F0}.Release|Any CPU.Build.0 = Release|Any CPU
	EndGlobalSection
	GlobalSection(SolutionProperties) = preSolution
		HideSolutionNode = FALSE
	EndGlobalSection
	GlobalSection(ExtensibilityGlobals) = postSolution
		SolutionGuid = {28C31924-A0EA-42BC-94FB-A7ECE9D2CF4C}
	EndGlobalSection
EndGlobal
